# Generated by buf. DO NOT EDIT.
version: v1
deps:
  - remote: buf.build
    owner: bdaya-dev
    repository: social-media-training
    commit: c014fd3026874f968860b8b912f5a4ce
    digest: shake256:8163edc2cf93f342811e8800a8f5db22f7ec4f7003accbdc046af01b8b1b0134069bee569440f2b52954c8128373d13337b4618187d75740a542ffba7665cec7
  - remote: buf.build
    owner: googleapis
    repository: googleapis
    commit: a86849a25cc04f4dbe9b15ddddfbc488
    digest: shake256:e19143328f8cbfe13fc226aeee5e63773ca494693a72740a7560664270039a380d94a1344234b88c7691311460df9a9b1c2982190d0a2612eae80368718e1943
